{
  "requires": true,
  "lockfileVersion": 1,
  "dependencies": {
    "results": {
      "version": "0.14.1",
      "resolved": "https://registry.npmjs.org/results/-/results-0.14.1.tgz",
      "integrity": "sha512-0WG52fZfTbiuqaYh4rPDGmeyo2v+Jk16vlT/RdcdcVq0692/wx2YN6cFf5WoKpAZ2nZO8K4d64/+s0HoSZPz9Q=="
    }
  }
}
